
Microsoft Visual Studio Solution File, Format Version 12.00
# Visual Studio Version 16
VisualStudioVersion = 16.0.30128.74
MinimumVisualStudioVersion = 10.0.40219.1
Project("{2150E333-8FDC-42A3-9474-1A3956D46DE8}") = "Desktop", "Desktop", "{621292D1-E6A1-4E71-9A5C-FB896BEAF749}"
EndProject
Project("{FAE04EC0-301F-11D3-BF4B-00C04F79EFBC}") = "DataBaseConnection", "DatabaseConnection\DataBaseConnection.csproj", "{F3C3FE61-8E03-4AC2-930B-A007225F8F78}"
EndProject
Project("{FAE04EC0-301F-11D3-BF4B-00C04F79EFBC}") = "MealPlanner", "MealPlanner\MealPlanner.csproj", "{A60A8A45-9B7C-4715-9FBC-6D81EDA06769}"
EndProject
Global
	GlobalSection(SolutionConfigurationPlatforms) = preSolution
		Debug|Any CPU = Debug|Any CPU
		Debug|ARM = Debug|ARM
		Debug|ARM64 = Debug|ARM64
		Debug|iPhone = Debug|iPhone
		Debug|iPhoneSimulator = Debug|iPhoneSimulator
		Debug|x64 = Debug|x64
		Debug|x86 = Debug|x86
		Release|Any CPU = Release|Any CPU
		Release|ARM = Release|ARM
		Release|ARM64 = Release|ARM64
		Release|iPhone = Release|iPhone
		Release|iPhoneSimulator = Release|iPhoneSimulator
		Release|x64 = Release|x64
		Release|x86 = Release|x86
	EndGlobalSection
	GlobalSection(ProjectConfigurationPlatforms) = postSolution
		{F3C3FE61-8E03-4AC2-930B-A007225F8F78}.Debug|Any CPU.ActiveCfg = Debug|Any CPU
		{F3C3FE61-8E03-4AC2-930B-A007225F8F78}.Debug|Any CPU.Build.0 = Debug|Any CPU
		{F3C3FE61-8E03-4AC2-930B-A007225F8F78}.Debug|ARM.ActiveCfg = Debug|Any CPU
		{F3C3FE61-8E03-4AC2-930B-A007225F8F78}.Debug|ARM.Build.0 = Debug|Any CPU
		{F3C3FE61-8E03-4AC2-930B-A007225F8F78}.Debug|ARM64.ActiveCfg = Debug|Any CPU
		{F3C3FE61-8E03-4AC2-930B-A007225F8F78}.Debug|ARM64.Build.0 = Debug|Any CPU
		{F3C3FE61-8E03-4AC2-930B-A007225F8F78}.Debug|iPhone.ActiveCfg = Debug|Any CPU
		{F3C3FE61-8E03-4AC2-930B-A007225F8F78}.Debug|iPhone.Build.0 = Debug|Any CPU
		{F3C3FE61-8E03-4AC2-930B-A007225F8F78}.Debug|iPhoneSimulator.ActiveCfg = Debug|Any CPU
		{F3C3FE61-8E03-4AC2-930B-A007225F8F78}.Debug|iPhoneSimulator.Build.0 = Debug|Any CPU
		{F3C3FE61-8E03-4AC2-930B-A007225F8F78}.Debug|x64.ActiveCfg = Debug|Any CPU
		{F3C3FE61-8E03-4AC2-930B-A007225F8F78}.Debug|x64.Build.0 = Debug|Any CPU
		{F3C3FE61-8E03-4AC2-930B-A007225F8F78}.Debug|x86.ActiveCfg = Debug|Any CPU
		{F3C3FE61-8E03-4AC2-930B-A007225F8F78}.Debug|x86.Build.0 = Debug|Any CPU
		{F3C3FE61-8E03-4AC2-930B-A007225F8F78}.Release|Any CPU.ActiveCfg = Release|Any CPU
		{F3C3FE61-8E03-4AC2-930B-A007225F8F78}.Release|Any CPU.Build.0 = Release|Any CPU
		{F3C3FE61-8E03-4AC2-930B-A007225F8F78}.Release|ARM.ActiveCfg = Release|Any CPU
		{F3C3FE61-8E03-4AC2-930B-A007225F8F78}.Release|ARM.Build.0 = Release|Any CPU
		{F3C3FE61-8E03-4AC2-930B-A007225F8F78}.Release|ARM64.ActiveCfg = Release|Any CPU
		{F3C3FE61-8E03-4AC2-930B-A007225F8F78}.Release|ARM64.Build.0 = Release|Any CPU
		{F3C3FE61-8E03-4AC2-930B-A007225F8F78}.Release|iPhone.ActiveCfg = Release|Any CPU
		{F3C3FE61-8E03-4AC2-930B-A007225F8F78}.Release|iPhone.Build.0 = Release|Any CPU
		{F3C3FE61-8E03-4AC2-930B-A007225F8F78}.Release|iPhoneSimulator.ActiveCfg = Release|Any CPU
		{F3C3FE61-8E03-4AC2-930B-A007225F8F78}.Release|iPhoneSimulator.Build.0 = Release|Any CPU
		{F3C3FE61-8E03-4AC2-930B-A007225F8F78}.Release|x64.ActiveCfg = Release|Any CPU
		{F3C3FE61-8E03-4AC2-930B-A007225F8F78}.Release|x64.Build.0 = Release|Any CPU
		{F3C3FE61-8E03-4AC2-930B-A007225F8F78}.Release|x86.ActiveCfg = Release|Any CPU
		{F3C3FE61-8E03-4AC2-930B-A007225F8F78}.Release|x86.Build.0 = Release|Any CPU
		{A60A8A45-9B7C-4715-9FBC-6D81EDA06769}.Debug|Any CPU.ActiveCfg = Debug|Any CPU
		{A60A8A45-9B7C-4715-9FBC-6D81EDA06769}.Debug|Any CPU.Build.0 = Debug|Any CPU
		{A60A8A45-9B7C-4715-9FBC-6D81EDA06769}.Debug|ARM.ActiveCfg = Debug|Any CPU
		{A60A8A45-9B7C-4715-9FBC-6D81EDA06769}.Debug|ARM.Build.0 = Debug|Any CPU
		{A60A8A45-9B7C-4715-9FBC-6D81EDA06769}.Debug|ARM64.ActiveCfg = Debug|Any CPU
		{A60A8A45-9B7C-4715-9FBC-6D81EDA06769}.Debug|ARM64.Build.0 = Debug|Any CPU
		{A60A8A45-9B7C-4715-9FBC-6D81EDA06769}.Debug|iPhone.ActiveCfg = Debug|Any CPU
		{A60A8A45-9B7C-4715-9FBC-6D81EDA06769}.Debug|iPhone.Build.0 = Debug|Any CPU
		{A60A8A45-9B7C-4715-9FBC-6D81EDA06769}.Debug|iPhoneSimulator.ActiveCfg = Debug|Any CPU
		{A60A8A45-9B7C-4715-9FBC-6D81EDA06769}.Debug|iPhoneSimulator.Build.0 = Debug|Any CPU
		{A60A8A45-9B7C-4715-9FBC-6D81EDA06769}.Debug|x64.ActiveCfg = Debug|Any CPU
		{A60A8A45-9B7C-4715-9FBC-6D81EDA06769}.Debug|x64.Build.0 = Debug|Any CPU
		{A60A8A45-9B7C-4715-9FBC-6D81EDA06769}.Debug|x86.ActiveCfg = Debug|Any CPU
		{A60A8A45-9B7C-4715-9FBC-6D81EDA06769}.Debug|x86.Build.0 = Debug|Any CPU
		{A60A8A45-9B7C-4715-9FBC-6D81EDA06769}.Release|Any CPU.ActiveCfg = Release|Any CPU
		{A60A8A45-9B7C-4715-9FBC-6D81EDA06769}.Release|Any CPU.Build.0 = Release|Any CPU
		{A60A8A45-9B7C-4715-9FBC-6D81EDA06769}.Release|ARM.ActiveCfg = Release|Any CPU
		{A60A8A45-9B7C-4715-9FBC-6D81EDA06769}.Release|ARM.Build.0 = Release|Any CPU
		{A60A8A45-9B7C-4715-9FBC-6D81EDA06769}.Release|ARM64.ActiveCfg = Release|Any CPU
		{A60A8A45-9B7C-4715-9FBC-6D81EDA06769}.Release|ARM64.Build.0 = Release|Any CPU
		{A60A8A45-9B7C-4715-9FBC-6D81EDA06769}.Release|iPhone.ActiveCfg = Release|Any CPU
		{A60A8A45-9B7C-4715-9FBC-6D81EDA06769}.Release|iPhone.Build.0 = Release|Any CPU
		{A60A8A45-9B7C-4715-9FBC-6D81EDA06769}.Release|iPhoneSimulator.ActiveCfg = Release|Any CPU
		{A60A8A45-9B7C-4715-9FBC-6D81EDA06769}.Release|iPhoneSimulator.Build.0 = Release|Any CPU
		{A60A8A45-9B7C-4715-9FBC-6D81EDA06769}.Release|x64.ActiveCfg = Release|Any CPU
		{A60A8A45-9B7C-4715-9FBC-6D81EDA06769}.Release|x64.Build.0 = Release|Any CPU
		{A60A8A45-9B7C-4715-9FBC-6D81EDA06769}.Release|x86.ActiveCfg = Release|Any CPU
		{A60A8A45-9B7C-4715-9FBC-6D81EDA06769}.Release|x86.Build.0 = Release|Any CPU
	EndGlobalSection
	GlobalSection(SolutionProperties) = preSolution
		HideSolutionNode = FALSE
	EndGlobalSection
	GlobalSection(NestedProjects) = preSolution
		{A60A8A45-9B7C-4715-9FBC-6D81EDA06769} = {621292D1-E6A1-4E71-9A5C-FB896BEAF749}
	EndGlobalSection
	GlobalSection(ExtensibilityGlobals) = postSolution
		SolutionGuid = {01AED27C-E83E-4BE5-9A9E-8A88EFA8A556}
	EndGlobalSection
EndGlobal
